// !$*UTF8*$!
{
	archiveVersion = 1;
	classes = {
	};
	objectVersion = 56;
	objects = {

/* Begin PBXBuildFile section */
		239DEE60286B46B5004E0A12 /* DataProvider.swift in Sources */ = {isa = PBXBuildFile; fileRef = 239DEE5F286B46B5004E0A12 /* DataProvider.swift */; };
		239DEE62286B5871004E0A12 /* Airport.swift in Sources */ = {isa = PBXBuildFile; fileRef = 239DEE61286B5871004E0A12 /* Airport.swift */; };
		239DEE66286B5E91004E0A12 /* Airports.xcdatamodeld in Sources */ = {isa = PBXBuildFile; fileRef = 239DEE64286B5E91004E0A12 /* Airports.xcdatamodeld */; };
		239DEE77286B648C004E0A12 /* RunwayEntity+CoreDataClass.swift in Sources */ = {isa = PBXBuildFile; fileRef = 239DEE73286B648C004E0A12 /* RunwayEntity+CoreDataClass.swift */; };
		239DEE78286B648C004E0A12 /* RunwayEntity+CoreDataProperties.swift in Sources */ = {isa = PBXBuildFile; fileRef = 239DEE74286B648C004E0A12 /* RunwayEntity+CoreDataProperties.swift */; };
		239DEE79286B648C004E0A12 /* AirportEntity+CoreDataClass.swift in Sources */ = {isa = PBXBuildFile; fileRef = 239DEE75286B648C004E0A12 /* AirportEntity+CoreDataClass.swift */; };
		239DEE7A286B648C004E0A12 /* AirportEntity+CoreDataProperties.swift in Sources */ = {isa = PBXBuildFile; fileRef = 239DEE76286B648C004E0A12 /* AirportEntity+CoreDataProperties.swift */; };
		239E90B8286B448D00CBEDC7 /* rain_finder_1_6App.swift in Sources */ = {isa = PBXBuildFile; fileRef = 239E90B7286B448D00CBEDC7 /* rain_finder_1_6App.swift */; };
		239E90BA286B448D00CBEDC7 /* ContentView.swift in Sources */ = {isa = PBXBuildFile; fileRef = 239E90B9286B448D00CBEDC7 /* ContentView.swift */; };
		239E90BC286B448F00CBEDC7 /* Assets.xcassets in Resources */ = {isa = PBXBuildFile; fileRef = 239E90BB286B448F00CBEDC7 /* Assets.xcassets */; };
		239E90BF286B448F00CBEDC7 /* Preview Assets.xcassets in Resources */ = {isa = PBXBuildFile; fileRef = 239E90BE286B448F00CBEDC7 /* Preview Assets.xcassets */; };
		239E90D1286B462F00CBEDC7 /* Persistence.swift in Sources */ = {isa = PBXBuildFile; fileRef = 239E90D0286B462F00CBEDC7 /* Persistence.swift */; };
/* End PBXBuildFile section */

/* Begin PBXFileReference section */
		239DEE5F286B46B5004E0A12 /* DataProvider.swift */ = {isa = PBXFileReference; lastKnownFileType = sourcecode.swift; path = DataProvider.swift; sourceTree = "<group>"; };
		239DEE61286B5871004E0A12 /* Airport.swift */ = {isa = PBXFileReference; lastKnownFileType = sourcecode.swift; path = Airport.swift; sourceTree = "<group>"; };
		239DEE65286B5E91004E0A12 /* Airports.xcdatamodel */ = {isa = PBXFileReference; lastKnownFileType = wrapper.xcdatamodel; path = Airports.xcdatamodel; sourceTree = "<group>"; };
		239DEE73286B648C004E0A12 /* RunwayEntity+CoreDataClass.swift */ = {isa = PBXFileReference; lastKnownFileType = sourcecode.swift; path = "RunwayEntity+CoreDataClass.swift"; sourceTree = "<group>"; };
		239DEE74286B648C004E0A12 /* RunwayEntity+CoreDataProperties.swift */ = {isa = PBXFileReference; lastKnownFileType = sourcecode.swift; path = "RunwayEntity+CoreDataProperties.swift"; sourceTree = "<group>"; };
		239DEE75286B648C004E0A12 /* AirportEntity+CoreDataClass.swift */ = {isa = PBXFileReference; lastKnownFileType = sourcecode.swift; path = "AirportEntity+CoreDataClass.swift"; sourceTree = "<group>"; };
		239DEE76286B648C004E0A12 /* AirportEntity+CoreDataProperties.swift */ = {isa = PBXFileReference; lastKnownFileType = sourcecode.swift; path = "AirportEntity+CoreDataProperties.swift"; sourceTree = "<group>"; };
		239E90B4286B448D00CBEDC7 /* rain_finder_1.6.app */ = {isa = PBXFileReference; explicitFileType = wrapper.application; includeInIndex = 0; path = rain_finder_1.6.app; sourceTree = BUILT_PRODUCTS_DIR; };
		239E90B7286B448D00CBEDC7 /* rain_finder_1_6App.swift */ = {isa = PBXFileReference; lastKnownFileType = sourcecode.swift; path = rain_finder_1_6App.swift; sourceTree = "<group>"; };
		239E90B9286B448D00CBEDC7 /* ContentView.swift */ = {isa = PBXFileReference; lastKnownFileType = sourcecode.swift; path = ContentView.swift; sourceTree = "<group>"; };
		239E90BB286B448F00CBEDC7 /* Assets.xcassets */ = {isa = PBXFileReference; lastKnownFileType = folder.assetcatalog; path = Assets.xcassets; sourceTree = "<group>"; };
		239E90BE286B448F00CBEDC7 /* Preview Assets.xcassets */ = {isa = PBXFileReference; lastKnownFileType = folder.assetcatalog; path = "Preview Assets.xcassets"; sourceTree = "<group>"; };
		239E90D0286B462F00CBEDC7 /* Persistence.swift */ = {isa = PBXFileReference; lastKnownFileType = sourcecode.swift; path = Persistence.swift; sourceTree = "<group>"; };
/* End PBXFileReference section */

/* Begin PBXFrameworksBuildPhase section */
		239E90B1286B448D00CBEDC7 /* Frameworks */ = {
			isa = PBXFrameworksBuildPhase;
			buildActionMask = 2147483647;
			files = (
			);
			runOnlyForDeploymentPostprocessing = 0;
		};
/* End PBXFrameworksBuildPhase section */

/* Begin PBXGroup section */
		239E90AB286B448D00CBEDC7 = {
			isa = PBXGroup;
			children = (
				239DEE73286B648C004E0A12 /* RunwayEntity+CoreDataClass.swift */,
				239DEE74286B648C004E0A12 /* RunwayEntity+CoreDataProperties.swift */,
				239DEE75286B648C004E0A12 /* AirportEntity+CoreDataClass.swift */,
				239DEE76286B648C004E0A12 /* AirportEntity+CoreDataProperties.swift */,
				239E90B6286B448D00CBEDC7 /* rain_finder_1.6 */,
				239E90B5286B448D00CBEDC7 /* Products */,
			);
			sourceTree = "<group>";
		};
		239E90B5286B448D00CBEDC7 /* Products */ = {
			isa = PBXGroup;
			children = (
				239E90B4286B448D00CBEDC7 /* rain_finder_1.6.app */,
			);
			name = Products;
			sourceTree = "<group>";
		};
		239E90B6286B448D00CBEDC7 /* rain_finder_1.6 */ = {
			isa = PBXGroup;
			children = (
				239E90B7286B448D00CBEDC7 /* rain_finder_1_6App.swift */,
				239DEE64286B5E91004E0A12 /* Airports.xcdatamodeld */,
				239E90B9286B448D00CBEDC7 /* ContentView.swift */,
				239DEE61286B5871004E0A12 /* Airport.swift */,
				239DEE5F286B46B5004E0A12 /* DataProvider.swift */,
				239E90D0286B462F00CBEDC7 /* Persistence.swift */,
				239E90BB286B448F00CBEDC7 /* Assets.xcassets */,
				239E90BD286B448F00CBEDC7 /* Preview Content */,
			);
			path = rain_finder_1.6;
			sourceTree = "<group>";
		};
		239E90BD286B448F00CBEDC7 /* Preview Content */ = {
			isa = PBXGroup;
			children = (
				239E90BE286B448F00CBEDC7 /* Preview Assets.xcassets */,
			);
			path = "Preview Content";
			sourceTree = "<group>";
		};
/* End PBXGroup section */

/* Begin PBXNativeTarget section */
		239E90B3286B448D00CBEDC7 /* rain_finder_1.6 */ = {
			isa = PBXNativeTarget;
			buildConfigurationList = 239E90C2286B448F00CBEDC7 /* Build configuration list for PBXNativeTarget "rain_finder_1.6" */;
			buildPhases = (
				239E90B0286B448D00CBEDC7 /* Sources */,
				239E90B1286B448D00CBEDC7 /* Frameworks */,
				239E90B2286B448D00CBEDC7 /* Resources */,
			);
			buildRules = (
			);
			dependencies = (
			);
			name = rain_finder_1.6;
			productName = rain_finder_1.6;
			productReference = 239E90B4286B448D00CBEDC7 /* rain_finder_1.6.app */;
			productType = "com.apple.product-type.application";
		};
/* End PBXNativeTarget section */

/* Begin PBXProject section */
		239E90AC286B448D00CBEDC7 /* Project object */ = {
			isa = PBXProject;
			attributes = {
				BuildIndependentTargetsInParallel = 1;
				LastSwiftUpdateCheck = 1400;
				LastUpgradeCheck = 1400;
				TargetAttributes = {
					239E90B3286B448D00CBEDC7 = {
						CreatedOnToolsVersion = 14.0;
					};
				};
			};
			buildConfigurationList = 239E90AF286B448D00CBEDC7 /* Build configuration list for PBXProject "rain_finder_1.6" */;
			compatibilityVersion = "Xcode 14.0";
			developmentRegion = en;
			hasScannedForEncodings = 0;
			knownRegions = (
				en,
				Base,
			);
			mainGroup = 239E90AB286B448D00CBEDC7;
			productRefGroup = 239E90B5286B448D00CBEDC7 /* Products */;
			projectDirPath = "";
			projectRoot = "";
			targets = (
				239E90B3286B448D00CBEDC7 /* rain_finder_1.6 */,
			);
		};
/* End PBXProject section */

/* Begin PBXResourcesBuildPhase section */
		239E90B2286B448D00CBEDC7 /* Resources */ = {
			isa = PBXResourcesBuildPhase;
			buildActionMask = 2147483647;
			files = (
				239E90BF286B448F00CBEDC7 /* Preview Assets.xcassets in Resources */,
				239E90BC286B448F00CBEDC7 /* Assets.xcassets in Resources */,
			);
			runOnlyForDeploymentPostprocessing = 0;
		};
/* End PBXResourcesBuildPhase section */

/* Begin PBXSourcesBuildPhase section */
		239E90B0286B448D00CBEDC7 /* Sources */ = {
			isa = PBXSourcesBuildPhase;
			buildActionMask = 2147483647;
			files = (
				239E90BA286B448D00CBEDC7 /* ContentView.swift in Sources */,
				239E90D1286B462F00CBEDC7 /* Persistence.swift in Sources */,
				239DEE7A286B648C004E0A12 /* AirportEntity+CoreDataProperties.swift in Sources */,
				239DEE60286B46B5004E0A12 /* DataProvider.swift in Sources */,
				239DEE62286B5871004E0A12 /* Airport.swift in Sources */,
				239E90B8286B448D00CBEDC7 /* rain_finder_1_6App.swift in Sources */,
				239DEE66286B5E91004E0A12 /* Airports.xcdatamodeld in Sources */,
				239DEE78286B648C004E0A12 /* RunwayEntity+CoreDataProperties.swift in Sources */,
				239DEE77286B648C004E0A12 /* RunwayEntity+CoreDataClass.swift in Sources */,
				239DEE79286B648C004E0A12 /* AirportEntity+CoreDataClass.swift in Sources */,
			);
			runOnlyForDeploymentPostprocessing = 0;
		};
/* End PBXSourcesBuildPhase section */

/* Begin XCBuildConfiguration section */
		239E90C0286B448F00CBEDC7 /* Debug */ = {
			isa = XCBuildConfiguration;
			buildSettings = {
				ALWAYS_SEARCH_USER_PATHS = NO;
				CLANG_ANALYZER_NONNULL = YES;
				CLANG_ANALYZER_NUMBER_OBJECT_CONVERSION = YES_AGGRESSIVE;
				CLANG_CXX_LANGUAGE_STANDARD = "gnu++17";
				CLANG_ENABLE_MODULES = YES;
				CLANG_ENABLE_OBJC_ARC = YES;
				CLANG_ENABLE_OBJC_WEAK = YES;
				CLANG_WARN_BLOCK_CAPTURE_AUTORELEASING = YES;
				CLANG_WARN_BOOL_CONVERSION = YES;
				CLANG_WARN_COMMA = YES;
				CLANG_WARN_CONSTANT_CONVERSION = YES;
				CLANG_WARN_DEPRECATED_OBJC_IMPLEMENTATIONS = YES;
				CLANG_WARN_DIRECT_OBJC_ISA_USAGE = YES_ERROR;
				CLANG_WARN_DOCUMENTATION_COMMENTS = YES;
				CLANG_WARN_EMPTY_BODY = YES;
				CLANG_WARN_ENUM_CONVERSION = YES;
				CLANG_WARN_INFINITE_RECURSION = YES;
				CLANG_WARN_INT_CONVERSION = YES;
				CLANG_WARN_NON_LITERAL_NULL_CONVERSION = YES;
				CLANG_WARN_OBJC_IMPLICIT_RETAIN_SELF = YES;
				CLANG_WARN_OBJC_LITERAL_CONVERSION = YES;
				CLANG_WARN_OBJC_ROOT_CLASS = YES_ERROR;
				CLANG_WARN_QUOTED_INCLUDE_IN_FRAMEWORK_HEADER = YES;
				CLANG_WARN_RANGE_LOOP_ANALYSIS = YES;
				CLANG_WARN_STRICT_PROTOTYPES = YES;
				CLANG_WARN_SUSPICIOUS_MOVE = YES;
				CLANG_WARN_UNGUARDED_AVAILABILITY = YES_AGGRESSIVE;
				CLANG_WARN_UNREACHABLE_CODE = YES;
				CLANG_WARN__DUPLICATE_METHOD_MATCH = YES;
				COPY_PHASE_STRIP = NO;
				DEBUG_INFORMATION_FORMAT = dwarf;
				ENABLE_STRICT_OBJC_MSGSEND = YES;
				ENABLE_TESTABILITY = YES;
				GCC_C_LANGUAGE_STANDARD = gnu11;
				GCC_DYNAMIC_NO_PIC = NO;
				GCC_NO_COMMON_BLOCKS = YES;
				GCC_OPTIMIZATION_LEVEL = 0;
				GCC_PREPROCESSOR_DEFINITIONS = (
					"DEBUG=1",
					"$(inherited)",
				);
				GCC_WARN_64_TO_32_BIT_CONVERSION = YES;
				GCC_WARN_ABOUT_RETURN_TYPE = YES_ERROR;
				GCC_WARN_UNDECLARED_SELECTOR = YES;
				GCC_WARN_UNINITIALIZED_AUTOS = YES_AGGRESSIVE;
				GCC_WARN_UNUSED_FUNCTION = YES;
				GCC_WARN_UNUSED_VARIABLE = YES;
				IPHONEOS_DEPLOYMENT_TARGET = 16.0;
				MTL_ENABLE_DEBUG_INFO = INCLUDE_SOURCE;
				MTL_FAST_MATH = YES;
				ONLY_ACTIVE_ARCH = YES;
				SDKROOT = iphoneos;
				SWIFT_ACTIVE_COMPILATION_CONDITIONS = DEBUG;
				SWIFT_OPTIMIZATION_LEVEL = "-Onone";
			};
			name = Debug;
		};
		239E90C1286B448F00CBEDC7 /* Release */ = {
			isa = XCBuildConfiguration;
			buildSettings = {
				ALWAYS_SEARCH_USER_PATHS = NO;
				CLANG_ANALYZER_NONNULL = YES;
				CLANG_ANALYZER_NUMBER_OBJECT_CONVERSION = YES_AGGRESSIVE;
				CLANG_CXX_LANGUAGE_STANDARD = "gnu++17";
				CLANG_ENABLE_MODULES = YES;
				CLANG_ENABLE_OBJC_ARC = YES;
				CLANG_ENABLE_OBJC_WEAK = YES;
				CLANG_WARN_BLOCK_CAPTURE_AUTORELEASING = YES;
				CLANG_WARN_BOOL_CONVERSION = YES;
				CLANG_WARN_COMMA = YES;
				CLANG_WARN_CONSTANT_CONVERSION = YES;
				CLANG_WARN_DEPRECATED_OBJC_IMPLEMENTATIONS = YES;
				CLANG_WARN_DIRECT_OBJC_ISA_USAGE = YES_ERROR;
				CLANG_WARN_DOCUMENTATION_COMMENTS = YES;
				CLANG_WARN_EMPTY_BODY = YES;
				CLANG_WARN_ENUM_CONVERSION = YES;
				CLANG_WARN_INFINITE_RECURSION = YES;
				CLANG_WARN_INT_CONVERSION = YES;
				CLANG_WARN_NON_LITERAL_NULL_CONVERSION = YES;
				CLANG_WARN_OBJC_IMPLICIT_RETAIN_SELF = YES;
				CLANG_WARN_OBJC_LITERAL_CONVERSION = YES;
				CLANG_WARN_OBJC_ROOT_CLASS = YES_ERROR;
				CLANG_WARN_QUOTED_INCLUDE_IN_FRAMEWORK_HEADER = YES;
				CLANG_WARN_RANGE_LOOP_ANALYSIS = YES;
				CLANG_WARN_STRICT_PROTOTYPES = YES;
				CLANG_WARN_SUSPICIOUS_MOVE = YES;
				CLANG_WARN_UNGUARDED_AVAILABILITY = YES_AGGRESSIVE;
				CLANG_WARN_UNREACHABLE_CODE = YES;
				CLANG_WARN__DUPLICATE_METHOD_MATCH = YES;
				COPY_PHASE_STRIP = NO;
				DEBUG_INFORMATION_FORMAT = "dwarf-with-dsym";
				ENABLE_NS_ASSERTIONS = NO;
				ENABLE_STRICT_OBJC_MSGSEND = YES;
				GCC_C_LANGUAGE_STANDARD = gnu11;
				GCC_NO_COMMON_BLOCKS = YES;
				GCC_WARN_64_TO_32_BIT_CONVERSION = YES;
				GCC_WARN_ABOUT_RETURN_TYPE = YES_ERROR;
				GCC_WARN_UNDECLARED_SELECTOR = YES;
				GCC_WARN_UNINITIALIZED_AUTOS = YES_AGGRESSIVE;
				GCC_WARN_UNUSED_FUNCTION = YES;
				GCC_WARN_UNUSED_VARIABLE = YES;
				IPHONEOS_DEPLOYMENT_TARGET = 16.0;
				MTL_ENABLE_DEBUG_INFO = NO;
				MTL_FAST_MATH = YES;
				SDKROOT = iphoneos;
				SWIFT_COMPILATION_MODE = wholemodule;
				SWIFT_OPTIMIZATION_LEVEL = "-O";
				VALIDATE_PRODUCT = YES;
			};
			name = Release;
		};
		239E90C3286B448F00CBEDC7 /* Debug */ = {
			isa = XCBuildConfiguration;
			buildSettings = {
				ASSETCATALOG_COMPILER_APPICON_NAME = AppIcon;
				ASSETCATALOG_COMPILER_GLOBAL_ACCENT_COLOR_NAME = AccentColor;
				CODE_SIGN_STYLE = Automatic;
				CURRENT_PROJECT_VERSION = 1;
				DEVELOPMENT_ASSET_PATHS = "\"rain_finder_1.6/Preview Content\"";
				DEVELOPMENT_TEAM = 2239N37K5W;
				ENABLE_PREVIEWS = YES;
				GENERATE_INFOPLIST_FILE = YES;
				INFOPLIST_KEY_UIApplicationSceneManifest_Generation = YES;
				INFOPLIST_KEY_UIApplicationSupportsIndirectInputEvents = YES;
				INFOPLIST_KEY_UILaunchScreen_Generation = YES;
				INFOPLIST_KEY_UISupportedInterfaceOrientations_iPad = "UIInterfaceOrientationPortrait UIInterfaceOrientationPortraitUpsideDown UIInterfaceOrientationLandscapeLeft UIInterfaceOrientationLandscapeRight";
				INFOPLIST_KEY_UISupportedInterfaceOrientations_iPhone = "UIInterfaceOrientationPortrait UIInterfaceOrientationLandscapeLeft UIInterfaceOrientationLandscapeRight";
				LD_RUNPATH_SEARCH_PATHS = (
					"$(inherited)",
					"@executable_path/Frameworks",
				);
				MARKETING_VERSION = 1.0;
				PRODUCT_BUNDLE_IDENTIFIER = "tz.rain-finder-1-6";
				PRODUCT_NAME = "$(TARGET_NAME)";
				SWIFT_EMIT_LOC_STRINGS = YES;
				SWIFT_VERSION = 5.0;
				TARGETED_DEVICE_FAMILY = "1,2";
			};
			name = Debug;
		};
		239E90C4286B448F00CBEDC7 /* Release */ = {
			isa = XCBuildConfiguration;
			buildSettings = {
				ASSETCATALOG_COMPILER_APPICON_NAME = AppIcon;
				ASSETCATALOG_COMPILER_GLOBAL_ACCENT_COLOR_NAME = AccentColor;
				CODE_SIGN_STYLE = Automatic;
				CURRENT_PROJECT_VERSION = 1;
				DEVELOPMENT_ASSET_PATHS = "\"rain_finder_1.6/Preview Content\"";
				DEVELOPMENT_TEAM = 2239N37K5W;
				ENABLE_PREVIEWS = YES;
				GENERATE_INFOPLIST_FILE = YES;
				INFOPLIST_KEY_UIApplicationSceneManifest_Generation = YES;
				INFOPLIST_KEY_UIApplicationSupportsIndirectInputEvents = YES;
				INFOPLIST_KEY_UILaunchScreen_Generation = YES;
				INFOPLIST_KEY_UISupportedInterfaceOrientations_iPad = "UIInterfaceOrientationPortrait UIInterfaceOrientationPortraitUpsideDown UIInterfaceOrientationLandscapeLeft UIInterfaceOrientationLandscapeRight";
				INFOPLIST_KEY_UISupportedInterfaceOrientations_iPhone = "UIInterfaceOrientationPortrait UIInterfaceOrientationLandscapeLeft UIInterfaceOrientationLandscapeRight";
				LD_RUNPATH_SEARCH_PATHS = (
					"$(inherited)",
					"@executable_path/Frameworks",
				);
				MARKETING_VERSION = 1.0;
				PRODUCT_BUNDLE_IDENTIFIER = "tz.rain-finder-1-6";
				PRODUCT_NAME = "$(TARGET_NAME)";
				SWIFT_EMIT_LOC_STRINGS = YES;
				SWIFT_VERSION = 5.0;
				TARGETED_DEVICE_FAMILY = "1,2";
			};
			name = Release;
		};
/* End XCBuildConfiguration section */

/* Begin XCConfigurationList section */
		239E90AF286B448D00CBEDC7 /* Build configuration list for PBXProject "rain_finder_1.6" */ = {
			isa = XCConfigurationList;
			buildConfigurations = (
				239E90C0286B448F00CBEDC7 /* Debug */,
				239E90C1286B448F00CBEDC7 /* Release */,
			);
			defaultConfigurationIsVisible = 0;
			defaultConfigurationName = Release;
		};
		239E90C2286B448F00CBEDC7 /* Build configuration list for PBXNativeTarget "rain_finder_1.6" */ = {
			isa = XCConfigurationList;
			buildConfigurations = (
				239E90C3286B448F00CBEDC7 /* Debug */,
				239E90C4286B448F00CBEDC7 /* Release */,
			);
			defaultConfigurationIsVisible = 0;
			defaultConfigurationName = Release;
		};
/* End XCConfigurationList section */

/* Begin XCVersionGroup section */
		239DEE64286B5E91004E0A12 /* Airports.xcdatamodeld */ = {
			isa = XCVersionGroup;
			children = (
				239DEE65286B5E91004E0A12 /* Airports.xcdatamodel */,
			);
			currentVersion = 239DEE65286B5E91004E0A12 /* Airports.xcdatamodel */;
			path = Airports.xcdatamodeld;
			sourceTree = "<group>";
			versionGroupType = wrapper.xcdatamodel;
		};
/* End XCVersionGroup section */
	};
	rootObject = 239E90AC286B448D00CBEDC7 /* Project object */;
}
